github.com/davecgh/go-spew v1.1.1 h1:vj9j/u1bqnvCEfJOwUhtlOARqs3+rkHYY13jYWTU97c=
github.com/davecgh/go-spew v1.1.1/go.mod h1:J7Y8YcW2NihsgmVo/mv3lAwl/skON4iLHjSsI+c5H38=
github.com/fdurand/freeradius-go v0.0.0-20220328011046-647883d5095d h1:KFftjWsuunoh4OTXAwX3G952sOx7ZWb/wk1+wXbLhTw=
github.com/fdurand/freeradius-go v0.0.0-20220328011046-647883d5095d/go.mod h1:4HP18Yu1BRVbs3gzwP4zcKig1dj0vI6shU1zySgfKvk=
github.com/fdurand/freeradius-go-modules v0.0.0-20220401021355-b7e737a3846e h1:X6twbWDcp/Gvg9qM18LamfACq5nrjPgJKUjAo2tncVc=
github.com/fdurand/freeradius-go-modules v0.0.0-20220401021355-b7e737a3846e/go.mod h1:lgTEZqPlCWURf95cMxUCNvDCtfPSEKqiUtWRwRS83e8=
github.com/fdurand/freeradius-go-modules v0.0.0-20220403014721-0e00ce0ad7c4 h1:E4GAogT3OipML02/hkmWUJB5KwLJJv9v2V43z+JCgFQ=
github.com/fdurand/freeradius-go-modules v0.0.0-20220403014721-0e00ce0ad7c4/go.mod h1:lgTEZqPlCWURf95cMxUCNvDCtfPSEKqiUtWRwRS83e8=
github.com/fdurand/freeradius-go-modules v0.0.0-20220404001717-bc9412374e60 h1:m5EC7Zd9C90Yp0ZB/wmYj/8qVg0ixrOyks0lvRwurUk=
github.com/fdurand/freeradius-go-modules v0.0.0-20220404001717-bc9412374e60/go.mod h1:lgTEZqPlCWURf95cMxUCNvDCtfPSEKqiUtWRwRS83e8=
